
Microsoft Visual Studio Solution File, Format Version 12.00
# Visual Studio 15
Project("{FAE04EC0-301F-11D3-BF4B-00C04F79EFBC}") = "Lab23", "Lab23\Lab23.csproj", "{FEAC2D93-8E42-489D-A4F8-A876AE9792B1}"
EndProject
Global
	GlobalSection(SolutionConfigurationPlatforms) = preSolution
		Debug|Any CPU = Debug|Any CPU
		Release|Any CPU = Release|Any CPU
	EndGlobalSection
	GlobalSection(ProjectConfigurationPlatforms) = postSolution
		{FEAC2D93-8E42-489D-A4F8-A876AE9792B1}.Debug|Any CPU.ActiveCfg = Debug|Any CPU
		{FEAC2D93-8E42-489D-A4F8-A876AE9792B1}.Debug|Any CPU.Build.0 = Debug|Any CPU
		{FEAC2D93-8E42-489D-A4F8-A876AE9792B1}.Release|Any CPU.ActiveCfg = Release|Any CPU
		{FEAC2D93-8E42-489D-A4F8-A876AE9792B1}.Release|Any CPU.Build.0 = Release|Any CPU
	EndGlobalSection
EndGlobal
